version = 1
revision = 3
requires-python = ">=3.10"

[[package]]
name = "av"
version = "16.0.1"
source = { registry = "https://pypi.org/simple" }
sdist = { url = "https://files.pythonhosted.org/packages/15/c3/fd72a0315bc6c943ced1105aaac6e0ec1be57c70d8a616bd05acaa21ffee/av-16.0.1.tar.gz", hash = "sha256:dd2ce779fa0b5f5889a6d9e00fbbbc39f58e247e52d31044272648fe16ff1dbf", size = 3904030, upload-time = "2025-10-13T12:28:51.082Z" }
wheels = [
    { url = "https://files.pythonhosted.org/packages/e8/3c/eefa29b7d0f5afdf7af9197bbecad8ec2ad06bcb5ac7e909c05a624b00a6/av-16.0.1-cp310-cp310-macosx_11_0_x86_64.whl", hash = "sha256:8b141aaa29a3afc96a1d467d106790782c1914628b57309eaadb8c10c299c9c0", size = 27206679, upload-time = "2025-10-13T12:24:41.145Z" },
    { url = "https://files.pythonhosted.org/packages/ac/89/a474feb07d5b94aa5af3771b0fe328056e2e0a840039b329f4fa2a1fd13a/av-16.0.1-cp310-cp310-macosx_14_0_arm64.whl", hash = "sha256:4b8a08a59a5be0082af063d3f4b216e3950340121c6ea95b505a3f5f5cc8f21d", size = 21774556, upload-time = "2025-10-13T12:24:44.332Z" },
    { url = "https://files.pythonhosted.org/packages/be/e5/4361010dcac398bc224823e4b2a47803845e159af9f95164662c523770dc/av-16.0.1-cp310-cp310-manylinux_2_28_aarch64.whl", hash = "sha256:792e7fc3c08eae005ff36486983966476e553cbb55aaeb0ec99adc4909377320", size = 38176763, upload-time = "2025-10-13T12:24:46.98Z" },
    { url = "https://files.pythonhosted.org/packages/d4/db/b27bdd20c9dc80de5b8792dae16dd6f4edf16408c0c7b28070c6228a8057/av-16.0.1-cp310-cp310-manylinux_2_28_x86_64.whl", hash = "sha256:4e8ef5df76d8d0ee56139789f80bb90ad1a82a7e6df6e080e2e95c06fa22aea7", size = 39696277, upload-time = "2025-10-13T12:24:50.951Z" },
    { url = "https://files.pythonhosted.org/packages/4e/c8/dd48e6a3ac1e922c141475a0dc30e2b6dfdef9751b3274829889a9281cce/av-16.0.1-cp310-cp310-musllinux_1_2_aarch64.whl", hash = "sha256:4f7a6985784a7464f078e419c71f5528c3e550ee5d605e7149b4a37a111eb136", size = 39576660, upload-time = "2025-10-13T12:24:55.773Z" },
    { url = "https://files.pythonhosted.org/packages/b9/f0/223d047e2e60672a2fb5e51e28913de8d52195199f3e949cbfda1e6cd64b/av-16.0.1-cp310-cp310-musllinux_1_2_x86_64.whl", hash = "sha256:3f45c8d7b803b6faa2a25a26de5964a0a897de68298d9c9672c7af9d65d8b48a", size = 40752775, upload-time = "2025-10-13T12:25:00.827Z" },
    { url = "https://files.pythonhosted.org/packages/18/73/73acad21c9203bc63d806e8baf42fe705eb5d36dafd1996b71ab5861a933/av-16.0.1-cp310-cp310-win_amd64.whl", hash = "sha256:58e6faf1d9328d8cc6be14c5aadacb7d2965ed6d6ae1af32696993096543ff00", size = 32302328, upload-time = "2025-10-13T12:25:06.042Z" },
    { url = "https://files.pythonhosted.org/packages/49/d3/f2a483c5273fccd556dfa1fce14fab3b5d6d213b46e28e54e254465a2255/av-16.0.1-cp311-cp311-macosx_11_0_x86_64.whl", hash = "sha256:e310d1fb42879df9bad2152a8db6d2ff8bf332c8c36349a09d62cc122f5070fb", size = 27191982, upload-time = "2025-10-13T12:25:10.622Z" },
    { url = "https://files.pythonhosted.org/packages/e0/39/dff28bd252131b3befd09d8587992fe18c09d5125eaefc83a6434d5f56ff/av-16.0.1-cp311-cp311-macosx_14_0_arm64.whl", hash = "sha256:2f4b357e5615457a84e6b6290916b22864b76b43d5079e1a73bc27581a5b9bac", size = 21760305, upload-time = "2025-10-13T12:25:14.882Z" },
    { url = "https://files.pythonhosted.org/packages/4a/4d/2312d50a09c84a9b4269f7fea5de84f05dd2b7c7113dd961d31fad6c64c4/av-16.0.1-cp311-cp311-manylinux_2_28_aarch64.whl", hash = "sha256:286665c77034c3a98080169b8b5586d5568a15da81fbcdaf8099252f2d232d7c", size = 38691616, upload-time = "2025-10-13T12:25:20.063Z" },
    { url = "https://files.pythonhosted.org/packages/15/9a/3d2d30b56252f998e53fced13720e2ce809c4db477110f944034e0fa4c9f/av-16.0.1-cp311-cp311-manylinux_2_28_x86_64.whl", hash = "sha256:f88de8e5b8ea29e41af4d8d61df108323d050ccfbc90f15b13ec1f99ce0e841e", size = 40216464, upload-time = "2025-10-13T12:25:24.848Z" },
    { url = "https://files.pythonhosted.org/packages/98/cb/3860054794a47715b4be0006105158c7119a57be58d9e8882b72e4d4e1dd/av-16.0.1-cp311-cp311-musllinux_1_2_aarch64.whl", hash = "sha256:0cdb71ebe4d1b241cf700f8f0c44a7d2a6602b921e16547dd68c0842113736e1", size = 40094077, upload-time = "2025-10-13T12:25:30.238Z" },
    { url = "https://files.pythonhosted.org/packages/41/58/79830fb8af0a89c015250f7864bbd427dff09c70575c97847055f8a302f7/av-16.0.1-cp311-cp311-musllinux_1_2_x86_64.whl", hash = "sha256:28c27a65d40e8cf82b6db2543f8feeb8b56d36c1938f50773494cd3b073c7223", size = 41279948, upload-time = "2025-10-13T12:25:35.24Z" },
    { url = "https://files.pythonhosted.org/packages/83/79/6e1463b04382f379f857113b851cf5f9d580a2f7bd794211cd75352f4e04/av-16.0.1-cp311-cp311-win_amd64.whl", hash = "sha256:ffea39ac7574f234f5168f9b9602e8d4ecdd81853238ec4d661001f03a6d3f64", size = 32297586, upload-time = "2025-10-13T12:25:39.826Z" },
    { url = "https://files.pythonhosted.org/packages/44/78/12a11d7a44fdd8b26a65e2efa1d8a5826733c8887a989a78306ec4785956/av-16.0.1-cp312-cp312-macosx_11_0_x86_64.whl", hash = "sha256:e41a8fef85dfb2c717349f9ff74f92f9560122a9f1a94b1c6c9a8a9c9462ba71", size = 27206375, upload-time = "2025-10-13T12:25:44.423Z" },
    { url = "https://files.pythonhosted.org/packages/27/19/3a4d3882852a0ee136121979ce46f6d2867b974eb217a2c9a070939f55ad/av-16.0.1-cp312-cp312-macosx_14_0_arm64.whl", hash = "sha256:6352a64b25c9f985d4f279c2902db9a92424e6f2c972161e67119616f0796cb9", size = 21752603, upload-time = "2025-10-13T12:25:49.122Z" },
    { url = "https://files.pythonhosted.org/packages/cb/6e/f7abefba6e008e2f69bebb9a17ba38ce1df240c79b36a5b5fcacf8c8fcfd/av-16.0.1-cp312-cp312-manylinux_2_28_aarch64.whl", hash = "sha256:5201f7b4b5ed2128118cb90c2a6d64feedb0586ca7c783176896c78ffb4bbd5c", size = 38931978, upload-time = "2025-10-13T12:25:55.021Z" },
    { url = "https://files.pythonhosted.org/packages/b2/7a/1305243ab47f724fdd99ddef7309a594e669af7f0e655e11bdd2c325dfae/av-16.0.1-cp312-cp312-manylinux_2_28_x86_64.whl", hash = "sha256:daecc2072b82b6a942acbdaa9a2e00c05234c61fef976b22713983c020b07992", size = 40549383, upload-time = "2025-10-13T12:26:00.897Z" },
    { url = "https://files.pythonhosted.org/packages/32/b2/357cc063185043eb757b4a48782bff780826103bcad1eb40c3ddfc050b7e/av-16.0.1-cp312-cp312-musllinux_1_2_aarch64.whl", hash = "sha256:6573da96e8bebc3536860a7def108d7dbe1875c86517072431ced702447e6aea", size = 40241993, upload-time = "2025-10-13T12:26:06.993Z" },
    { url = "https://files.pythonhosted.org/packages/20/bb/ced42a4588ba168bf0ef1e9d016982e3ba09fde6992f1dda586fd20dcf71/av-16.0.1-cp312-cp312-musllinux_1_2_x86_64.whl", hash = "sha256:4bc064e48a8de6c087b97dd27cf4ef8c13073f0793108fbce3ecd721201b2502", size = 41532235, upload-time = "2025-10-13T12:26:12.488Z" },
    { url = "https://files.pythonhosted.org/packages/15/37/c7811eca0f318d5fd3212f7e8c3d8335f75a54907c97a89213dc580b8056/av-16.0.1-cp312-cp312-win_amd64.whl", hash = "sha256:0c669b6b6668c8ae74451c15ec6d6d8a36e4c3803dc5d9910f607a174dd18f17", size = 32296912, upload-time = "2025-10-13T12:26:19.187Z" },
    { url = "https://files.pythonhosted.org/packages/86/59/972f199ccc4f8c9e51f59e0f8962a09407396b3f6d11355e2c697ba555f9/av-16.0.1-cp313-cp313-macosx_11_0_x86_64.whl", hash = "sha256:4c61c6c120f5c5d95c711caf54e2c4a9fb2f1e613ac0a9c273d895f6b2602e44", size = 27170433, upload-time = "2025-10-13T12:26:24.673Z" },
    { url = "https://files.pythonhosted.org/packages/53/9d/0514cbc185fb20353ab25da54197fbd169a233e39efcbb26533c36a9dbb9/av-16.0.1-cp313-cp313-macosx_14_0_arm64.whl", hash = "sha256:7ecc2e41320c69095f44aff93470a0d32c30892b2dbad0a08040441c81efa379", size = 21717654, upload-time = "2025-10-13T12:26:29.12Z" },
    { url = "https://files.pythonhosted.org/packages/32/8c/881409dd124b4e07d909d2b70568acb21126fc747656390840a2238651c9/av-16.0.1-cp313-cp313-manylinux_2_28_aarch64.whl", hash = "sha256:036f0554d6faef3f4a94acaeb0cedd388e3ab96eb0eb5a14ec27c17369c466c9", size = 38651601, upload-time = "2025-10-13T12:26:33.919Z" },
    { url = "https://files.pythonhosted.org/packages/35/fd/867ba4cc3ab504442dc89b0c117e6a994fc62782eb634c8f31304586f93e/av-16.0.1-cp313-cp313-manylinux_2_28_x86_64.whl", hash = "sha256:876415470a62e4a3550cc38db2fc0094c25e64eea34d7293b7454125d5958190", size = 40278604, upload-time = "2025-10-13T12:26:39.2Z" },
    { url = "https://files.pythonhosted.org/packages/b3/87/63cde866c0af09a1fa9727b4f40b34d71b0535785f5665c27894306f1fbc/av-16.0.1-cp313-cp313-musllinux_1_2_aarch64.whl", hash = "sha256:56902a06bd0828d13f13352874c370670882048267191ff5829534b611ba3956", size = 39984854, upload-time = "2025-10-13T12:26:44.581Z" },
    { url = "https://files.pythonhosted.org/packages/71/3b/8f40a708bff0e6b0f957836e2ef1f4d4429041cf8d99a415a77ead8ac8a3/av-16.0.1-cp313-cp313-musllinux_1_2_x86_64.whl", hash = "sha256:fe988c2bf0fc2d952858f791f18377ea4ae4e19ba3504793799cd6c2a2562edf", size = 41270352, upload-time = "2025-10-13T12:26:50.817Z" },
    { url = "https://files.pythonhosted.org/packages/1e/b5/c114292cb58a7269405ae13b7ba48c7d7bfeebbb2e4e66c8073c065a4430/av-16.0.1-cp313-cp313-win_amd64.whl", hash = "sha256:708a66c248848029bf518f0482b81c5803846f1b597ef8013b19c014470b620f", size = 32273242, upload-time = "2025-10-13T12:26:55.788Z" },
    { url = "https://files.pythonhosted.org/packages/ff/e9/a5b714bc078fdcca8b46c8a0b38484ae5c24cd81d9c1703d3e8ae2b57259/av-16.0.1-cp313-cp313t-macosx_11_0_x86_64.whl", hash = "sha256:79a77ee452537030c21a0b41139bedaf16629636bf764b634e93b99c9d5f4558", size = 27248984, upload-time = "2025-10-13T12:27:00.564Z" },
    { url = "https://files.pythonhosted.org/packages/06/ef/ff777aaf1f88e3f6ce94aca4c5806a0c360e68d48f9d9f0214e42650f740/av-16.0.1-cp313-cp313t-macosx_14_0_arm64.whl", hash = "sha256:080823a6ff712f81e7089ae9756fb1512ca1742a138556a852ce50f58e457213", size = 21828098, upload-time = "2025-10-13T12:27:05.433Z" },
    { url = "https://files.pythonhosted.org/packages/34/d7/a484358d24a42bedde97f61f5d6ee568a7dd866d9df6e33731378db92d9e/av-16.0.1-cp313-cp313t-manylinux_2_28_aarch64.whl", hash = "sha256:04e00124afa8b46a850ed48951ddda61de874407fb8307d6a875bba659d5727e", size = 40051697, upload-time = "2025-10-13T12:27:10.525Z" },
    { url = "https://files.pythonhosted.org/packages/73/87/6772d6080837da5d5c810a98a95bde6977e1f5a6e2e759e8c9292af9ec69/av-16.0.1-cp313-cp313t-manylinux_2_28_x86_64.whl", hash = "sha256:bc098c1c6dc4e7080629a7e9560e67bd4b5654951e17e5ddfd2b1515cfcd37db", size = 41352596, upload-time = "2025-10-13T12:27:16.217Z" },
    { url = "https://files.pythonhosted.org/packages/bd/58/fe448c60cf7f85640a0ed8936f16bac874846aa35e1baa521028949c1ea3/av-16.0.1-cp313-cp313t-musllinux_1_2_aarch64.whl", hash = "sha256:e6ffd3559a72c46a76aa622630751a821499ba5a780b0047ecc75105d43a6b61", size = 41183156, upload-time = "2025-10-13T12:27:21.574Z" },
    { url = "https://files.pythonhosted.org/packages/85/c6/a039a0979d0c278e1bed6758d5a6186416c3ccb8081970df893fdf9a0d99/av-16.0.1-cp313-cp313t-musllinux_1_2_x86_64.whl", hash = "sha256:7a3f1a36b550adadd7513f4f5ee956f9e06b01a88e59f3150ef5fec6879d6f79", size = 42302331, upload-time = "2025-10-13T12:27:26.953Z" },
    { url = "https://files.pythonhosted.org/packages/18/7b/2ca4a9e3609ff155436dac384e360f530919cb1e328491f7df294be0f0dc/av-16.0.1-cp313-cp313t-win_amd64.whl", hash = "sha256:c6de794abe52b8c0be55d8bb09ade05905efa74b1a5ab4860b4b9c2bfb6578bf", size = 32462194, upload-time = "2025-10-13T12:27:32.942Z" },
    { url = "https://files.pythonhosted.org/packages/14/9a/6d17e379906cf53a7a44dfac9cf7e4b2e7df2082ba2dbf07126055effcc1/av-16.0.1-cp314-cp314-macosx_11_0_x86_64.whl", hash = "sha256:4b55ba69a943ae592ad7900da67129422954789de9dc384685d6b529925f542e", size = 27167101, upload-time = "2025-10-13T12:27:38.886Z" },
    { url = "https://files.pythonhosted.org/packages/6c/34/891816cd82d5646cb5a51d201d20be0a578232536d083b7d939734258067/av-16.0.1-cp314-cp314-macosx_14_0_arm64.whl", hash = "sha256:d4a0c47b6c9bbadad8909b82847f5fe64a608ad392f0b01704e427349bcd9a47", size = 21722708, upload-time = "2025-10-13T12:27:43.29Z" },
    { url = "https://files.pythonhosted.org/packages/1d/20/c24ad34038423ab8c9728cef3301e0861727c188442dcfd70a4a10834c63/av-16.0.1-cp314-cp314-manylinux_2_28_aarch64.whl", hash = "sha256:8bba52f3035708456f6b1994d10b0371b45cfd8f917b5e84ff81aef4ec2f08bf", size = 38638842, upload-time = "2025-10-13T12:27:49.776Z" },
    { url = "https://files.pythonhosted.org/packages/d7/32/034412309572ba3ad713079d07a3ffc13739263321aece54a3055d7a4f1f/av-16.0.1-cp314-cp314-manylinux_2_28_x86_64.whl", hash = "sha256:08e34c7e7b5e55e29931180bbe21095e1874ac120992bf6b8615d39574487617", size = 40197789, upload-time = "2025-10-13T12:27:55.688Z" },
    { url = "https://files.pythonhosted.org/packages/fb/9c/40496298c32f9094e7df28641c5c58aa6fb07554dc232a9ac98a9894376f/av-16.0.1-cp314-cp314-musllinux_1_2_aarch64.whl", hash = "sha256:0d6250ab9db80c641b299987027c987f14935ea837ea4c02c5f5182f6b69d9e5", size = 39980829, upload-time = "2025-10-13T12:28:01.507Z" },
    { url = "https://files.pythonhosted.org/packages/4a/7e/5c38268ac1d424f309b13b2de4597ad28daea6039ee5af061e62918b12a8/av-16.0.1-cp314-cp314-musllinux_1_2_x86_64.whl", hash = "sha256:7b621f28d8bcbb07cdcd7b18943ddc040739ad304545715ae733873b6e1b739d", size = 41205928, upload-time = "2025-10-13T12:28:08.431Z" },
    { url = "https://files.pythonhosted.org/packages/e3/07/3176e02692d8753a6c4606021c60e4031341afb56292178eee633b6760a4/av-16.0.1-cp314-cp314-win_amd64.whl", hash = "sha256:92101f49082392580c9dba4ba2fe5b931b3bb0fb75a1a848bfb9a11ded68be91", size = 32272836, upload-time = "2025-10-13T12:28:13.405Z" },
    { url = "https://files.pythonhosted.org/packages/8a/47/10e03b88de097385d1550cbb6d8de96159131705c13adb92bd9b7e677425/av-16.0.1-cp314-cp314t-macosx_11_0_x86_64.whl", hash = "sha256:07c464bf2bc362a154eccc82e235ef64fd3aaf8d76fc8ed63d0ae520943c6d3f", size = 27248864, upload-time = "2025-10-13T12:28:17.467Z" },
    { url = "https://files.pythonhosted.org/packages/b1/60/7447f206bec3e55e81371f1989098baa2fe9adb7b46c149e6937b7e7c1ca/av-16.0.1-cp314-cp314t-macosx_14_0_arm64.whl", hash = "sha256:750da0673864b669c95882c7b25768cd93ece0e47010d74ebcc29dbb14d611f8", size = 21828185, upload-time = "2025-10-13T12:28:21.461Z" },
    { url = "https://files.pythonhosted.org/packages/68/48/ee2680e7a01bc4911bbe902b814346911fa2528697a44f3043ee68e0f07e/av-16.0.1-cp314-cp314t-manylinux_2_28_aarch64.whl", hash = "sha256:0b7c0d060863b2e341d07cd26851cb9057b7979814148b028fb7ee5d5eb8772d", size = 40040572, upload-time = "2025-10-13T12:28:26.585Z" },
    { url = "https://files.pythonhosted.org/packages/da/68/2c43d28871721ae07cde432d6e36ae2f7035197cbadb43764cc5bf3d4b33/av-16.0.1-cp314-cp314t-manylinux_2_28_x86_64.whl", hash = "sha256:e67c2eca6023ca7d76b0709c5f392b23a5defba499f4c262411f8155b1482cbd", size = 41344288, upload-time = "2025-10-13T12:28:32.512Z" },
    { url = "https://files.pythonhosted.org/packages/ec/7f/1d801bff43ae1af4758c45eee2eaae64f303bbb460e79f352f08587fd179/av-16.0.1-cp314-cp314t-musllinux_1_2_aarch64.whl", hash = "sha256:e3243d54d84986e8fbdc1946db634b0c41fe69b6de35a99fa8b763e18503d040", size = 41175142, upload-time = "2025-10-13T12:28:38.356Z" },
    { url = "https://files.pythonhosted.org/packages/e4/06/bb363138687066bbf8997c1433dbd9c81762bae120955ea431fb72d69d26/av-16.0.1-cp314-cp314t-musllinux_1_2_x86_64.whl", hash = "sha256:a1bcf73efab5379601e6510abd7afe5f397d0f6defe69b1610c2f37a4a17996b", size = 42293932, upload-time = "2025-10-13T12:28:43.442Z" },
    { url = "https://files.pythonhosted.org/packages/92/15/5e713098a085f970ccf88550194d277d244464d7b3a7365ad92acb4b6dc1/av-16.0.1-cp314-cp314t-win_amd64.whl", hash = "sha256:6368d4ff153d75469d2a3217bc403630dc870a72fe0a014d9135de550d731a86", size = 32460624, upload-time = "2025-10-13T12:28:48.767Z" },
]

[[package]]
name = "pydashcam"
version = "0.1.0"
source = { virtual = "." }
dependencies = [
    { name = "av" },
]

[package.metadata]
requires-dist = [{ name = "av", specifier = ">=16.0.1" }]
